Microsoft Visual Studio Solution File, Format Version 11.00
# Visual Studio 2008

Project("{A1A9983B-FBFB-713C-E08A-B3961E93F741}") = "ascent", "Assembly-CSharp.csproj", "{D288E849-3744-4A9E-E8EC-FB7F035ED6BE}"
EndProject
Project("{A1A9983B-FBFB-713C-E08A-B3961E93F741}") = "ascent", "Assembly-CSharp-Editor.csproj", "{B069A598-DF77-1FD4-FFA3-3D48809C711A}"
EndProject
Project("{A1A9983B-FBFB-713C-E08A-B3961E93F741}") = "ascent", "Assembly-UnityScript.unityproj", "{FC1D949F-50D8-CC35-5CE0-99D9BA815895}"
EndProject
Global
	GlobalSection(SolutionConfigurationPlatforms) = preSolution
		Debug|Any CPU = Debug|Any CPU
		Release|Any CPU = Release|Any CPU
	EndGlobalSection
	GlobalSection(ProjectConfigurationPlatforms) = postSolution
		{D288E849-3744-4A9E-E8EC-FB7F035ED6BE}.Debug|Any CPU.ActiveCfg = Debug|Any CPU
		{D288E849-3744-4A9E-E8EC-FB7F035ED6BE}.Debug|Any CPU.Build.0 = Debug|Any CPU
		{D288E849-3744-4A9E-E8EC-FB7F035ED6BE}.Release|Any CPU.ActiveCfg = Release|Any CPU
		{D288E849-3744-4A9E-E8EC-FB7F035ED6BE}.Release|Any CPU.Build.0 = Release|Any CPU
		{B069A598-DF77-1FD4-FFA3-3D48809C711A}.Debug|Any CPU.ActiveCfg = Debug|Any CPU
		{B069A598-DF77-1FD4-FFA3-3D48809C711A}.Debug|Any CPU.Build.0 = Debug|Any CPU
		{B069A598-DF77-1FD4-FFA3-3D48809C711A}.Release|Any CPU.ActiveCfg = Release|Any CPU
		{B069A598-DF77-1FD4-FFA3-3D48809C711A}.Release|Any CPU.Build.0 = Release|Any CPU
		{FC1D949F-50D8-CC35-5CE0-99D9BA815895}.Debug|Any CPU.ActiveCfg = Debug|Any CPU
		{FC1D949F-50D8-CC35-5CE0-99D9BA815895}.Debug|Any CPU.Build.0 = Debug|Any CPU
		{FC1D949F-50D8-CC35-5CE0-99D9BA815895}.Release|Any CPU.ActiveCfg = Release|Any CPU
		{FC1D949F-50D8-CC35-5CE0-99D9BA815895}.Release|Any CPU.Build.0 = Release|Any CPU
	EndGlobalSection
	GlobalSection(SolutionProperties) = preSolution
		HideSolutionNode = FALSE
	EndGlobalSection
																																																																																																																																						GlobalSection(MonoDevelopProperties) = preSolution
		StartupItem = Assembly-CSharp.csproj
		Policies = $0
		$0.TextStylePolicy = $1
		$1.inheritsSet = null
		$1.scope = text/x-csharp
		$0.CSharpFormattingPolicy = $2
		$2.inheritsSet = Mono
		$2.inheritsScope = text/x-csharp
		$2.scope = text/x-csharp
		$0.TextStylePolicy = $3
		$3.FileWidth = 120
		$3.TabWidth = 4
		$3.EolMarker = Unix
		$3.inheritsSet = Mono
		$3.inheritsScope = text/plain
		$3.scope = text/plain
	EndGlobalSection

EndGlobal
